
Microsoft Visual Studio Solution File, Format Version 12.00
# Visual Studio Version 16
VisualStudioVersion = 16.0.29911.84
MinimumVisualStudioVersion = 10.0.40219.1
Project("{FAE04EC0-301F-11D3-BF4B-00C04F79EFBC}") = "ExercícioCalculadora", "ExercícioCalculadora\ExercícioCalculadora.csproj", "{75ADEB39-6D9F-47CB-B175-14EED783373B}"
EndProject
Global
	GlobalSection(SolutionConfigurationPlatforms) = preSolution
		Debug|Any CPU = Debug|Any CPU
		Release|Any CPU = Release|Any CPU
	EndGlobalSection
	GlobalSection(ProjectConfigurationPlatforms) = postSolution
		{75ADEB39-6D9F-47CB-B175-14EED783373B}.Debug|Any CPU.ActiveCfg = Debug|Any CPU
		{75ADEB39-6D9F-47CB-B175-14EED783373B}.Debug|Any CPU.Build.0 = Debug|Any CPU
		{75ADEB39-6D9F-47CB-B175-14EED783373B}.Release|Any CPU.ActiveCfg = Release|Any CPU
		{75ADEB39-6D9F-47CB-B175-14EED783373B}.Release|Any CPU.Build.0 = Release|Any CPU
	EndGlobalSection
	GlobalSection(SolutionProperties) = preSolution
		HideSolutionNode = FALSE
	EndGlobalSection
	GlobalSection(ExtensibilityGlobals) = postSolution
		SolutionGuid = {C530B58D-A5B2-412A-99FC-F6E52EB9A7DF}
	EndGlobalSection
EndGlobal
